// !$*UTF8*$!
{
	archiveVersion = 1;
	classes = {
	};
	objectVersion = 46;
	objects = {

/* Begin PBXBuildFile section */
		4C072E4A19D1DCB500FA7AA2 /* main.m in Sources */ = {isa = PBXBuildFile; fileRef = 4C072E4919D1DCB500FA7AA2 /* main.m */; };
		4C072E4D19D1DCB500FA7AA2 /* AppDelegate.m in Sources */ = {isa = PBXBuildFile; fileRef = 4C072E4C19D1DCB500FA7AA2 /* AppDelegate.m */; };
		4C072E5019D1DCB500FA7AA2 /* ViewController.m in Sources */ = {isa = PBXBuildFile; fileRef = 4C072E4F19D1DCB500FA7AA2 /* ViewController.m */; };
		4C072E5319D1DCB500FA7AA2 /* Main.storyboard in Resources */ = {isa = PBXBuildFile; fileRef = 4C072E5119D1DCB500FA7AA2 /* Main.storyboard */; };
		4C072E5519D1DCB500FA7AA2 /* Images.xcassets in Resources */ = {isa = PBXBuildFile; fileRef = 4C072E5419D1DCB500FA7AA2 /* Images.xcassets */; };
		4C072E5819D1DCB500FA7AA2 /* LaunchScreen.xib in Resources */ = {isa = PBXBuildFile; fileRef = 4C072E5619D1DCB500FA7AA2 /* LaunchScreen.xib */; };
		4C072E6419D1DCB500FA7AA2 /* DistanceCalculatorTests.m in Sources */ = {isa = PBXBuildFile; fileRef = 4C072E6319D1DCB500FA7AA2 /* DistanceCalculatorTests.m */; };
/* End PBXBuildFile section */

/* Begin PBXContainerItemProxy section */
		4C072E5E19D1DCB500FA7AA2 /* PBXContainerItemProxy */ = {
			isa = PBXContainerItemProxy;
			containerPortal = 4C072E3C19D1DCB500FA7AA2 /* Project object */;
			proxyType = 1;
			remoteGlobalIDString = 4C072E4319D1DCB500FA7AA2;
			remoteInfo = DistanceCalculator;
		};
/* End PBXContainerItemProxy section */

/* Begin PBXFileReference section */
		4C072E4419D1DCB500FA7AA2 /* DistanceCalculator.app */ = {isa = PBXFileReference; explicitFileType = wrapper.application; includeInIndex = 0; path = DistanceCalculator.app; sourceTree = BUILT_PRODUCTS_DIR; };
		4C072E4819D1DCB500FA7AA2 /* Info.plist */ = {isa = PBXFileReference; lastKnownFileType = text.plist.xml; path = Info.plist; sourceTree = "<group>"; };
		4C072E4919D1DCB500FA7AA2 /* main.m */ = {isa = PBXFileReference; lastKnownFileType = sourcecode.c.objc; path = main.m; sourceTree = "<group>"; };
		4C072E4B19D1DCB500FA7AA2 /* AppDelegate.h */ = {isa = PBXFileReference; lastKnownFileType = sourcecode.c.h; path = AppDelegate.h; sourceTree = "<group>"; };
		4C072E4C19D1DCB500FA7AA2 /* AppDelegate.m */ = {isa = PBXFileReference; lastKnownFileType = sourcecode.c.objc; path = AppDelegate.m; sourceTree = "<group>"; };
		4C072E4E19D1DCB500FA7AA2 /* ViewController.h */ = {isa = PBXFileReference; lastKnownFileType = sourcecode.c.h; path = ViewController.h; sourceTree = "<group>"; };
		4C072E4F19D1DCB500FA7AA2 /* ViewController.m */ = {isa = PBXFileReference; lastKnownFileType = sourcecode.c.objc; path = ViewController.m; sourceTree = "<group>"; };
		4C072E5219D1DCB500FA7AA2 /* Base */ = {isa = PBXFileReference; lastKnownFileType = file.storyboard; name = Base; path = Base.lproj/Main.storyboard; sourceTree = "<group>"; };
		4C072E5419D1DCB500FA7AA2 /* Images.xcassets */ = {isa = PBXFileReference; lastKnownFileType = folder.assetcatalog; path = Images.xcassets; sourceTree = "<group>"; };
		4C072E5719D1DCB500FA7AA2 /* Base */ = {isa = PBXFileReference; lastKnownFileType = file.xib; name = Base; path = Base.lproj/LaunchScreen.xib; sourceTree = "<group>"; };
		4C072E5D19D1DCB500FA7AA2 /* DistanceCalculatorTests.xctest */ = {isa = PBXFileReference; explicitFileType = wrapper.cfbundle; includeInIndex = 0; path = DistanceCalculatorTests.xctest; sourceTree = BUILT_PRODUCTS_DIR; };
		4C072E6219D1DCB500FA7AA2 /* Info.plist */ = {isa = PBXFileReference; lastKnownFileType = text.plist.xml; path = Info.plist; sourceTree = "<group>"; };
		4C072E6319D1DCB500FA7AA2 /* DistanceCalculatorTests.m */ = {isa = PBXFileReference; lastKnownFileType = sourcecode.c.objc; path = DistanceCalculatorTests.m; sourceTree = "<group>"; };
/* End PBXFileReference section */

/* Begin PBXFrameworksBuildPhase section */
		4C072E4119D1DCB500FA7AA2 /* Frameworks */ = {
			isa = PBXFrameworksBuildPhase;
			buildActionMask = 2147483647;
			files = (
			);
			runOnlyForDeploymentPostprocessing = 0;
		};
		4C072E5A19D1DCB500FA7AA2 /* Frameworks */ = {
			isa = PBXFrameworksBuildPhase;
			buildActionMask = 2147483647;
			files = (
			);
			runOnlyForDeploymentPostprocessing = 0;
		};
/* End PBXFrameworksBuildPhase section */

/* Begin PBXGroup section */
		4C072E3B19D1DCB500FA7AA2 = {
			isa = PBXGroup;
			children = (
				4C072E4619D1DCB500FA7AA2 /* DistanceCalculator */,
				4C072E6019D1DCB500FA7AA2 /* DistanceCalculatorTests */,
				4C072E4519D1DCB500FA7AA2 /* Products */,
			);
			sourceTree = "<group>";
		};
		4C072E4519D1DCB500FA7AA2 /* Products */ = {
			isa = PBXGroup;
			children = (
				4C072E4419D1DCB500FA7AA2 /* DistanceCalculator.app */,
				4C072E5D19D1DCB500FA7AA2 /* DistanceCalculatorTests.xctest */,
			);
			name = Products;
			sourceTree = "<group>";
		};
		4C072E4619D1DCB500FA7AA2 /* DistanceCalculator */ = {
			isa = PBXGroup;
			children = (
				4C072E4B19D1DCB500FA7AA2 /* AppDelegate.h */,
				4C072E4C19D1DCB500FA7AA2 /* AppDelegate.m */,
				4C072E4E19D1DCB500FA7AA2 /* ViewController.h */,
				4C072E4F19D1DCB500FA7AA2 /* ViewController.m */,
				4C072E5119D1DCB500FA7AA2 /* Main.storyboard */,
				4C072E5419D1DCB500FA7AA2 /* Images.xcassets */,
				4C072E5619D1DCB500FA7AA2 /* LaunchScreen.xib */,
				4C072E4719D1DCB500FA7AA2 /* Supporting Files */,
			);
			path = DistanceCalculator;
			sourceTree = "<group>";
		};
		4C072E4719D1DCB500FA7AA2 /* Supporting Files */ = {
			isa = PBXGroup;
			children = (
				4C072E4819D1DCB500FA7AA2 /* Info.plist */,
				4C072E4919D1DCB500FA7AA2 /* main.m */,
			);
			name = "Supporting Files";
			sourceTree = "<group>";
		};
		4C072E6019D1DCB500FA7AA2 /* DistanceCalculatorTests */ = {
			isa = PBXGroup;
			children = (
				4C072E6319D1DCB500FA7AA2 /* DistanceCalculatorTests.m */,
				4C072E6119D1DCB500FA7AA2 /* Supporting Files */,
			);
			path = DistanceCalculatorTests;
			sourceTree = "<group>";
		};
		4C072E6119D1DCB500FA7AA2 /* Supporting Files */ = {
			isa = PBXGroup;
			children = (
				4C072E6219D1DCB500FA7AA2 /* Info.plist */,
			);
			name = "Supporting Files";
			sourceTree = "<group>";
		};
/* End PBXGroup section */

/* Begin PBXNativeTarget section */
		4C072E4319D1DCB500FA7AA2 /* DistanceCalculator */ = {
			isa = PBXNativeTarget;
			buildConfigurationList = 4C072E6719D1DCB500FA7AA2 /* Build configuration list for PBXNativeTarget "DistanceCalculator" */;
			buildPhases = (
				4C072E4019D1DCB500FA7AA2 /* Sources */,
				4C072E4119D1DCB500FA7AA2 /* Frameworks */,
				4C072E4219D1DCB500FA7AA2 /* Resources */,
			);
			buildRules = (
			);
			dependencies = (
			);
			name = DistanceCalculator;
			productName = DistanceCalculator;
			productReference = 4C072E4419D1DCB500FA7AA2 /* DistanceCalculator.app */;
			productType = "com.apple.product-type.application";
		};
		4C072E5C19D1DCB500FA7AA2 /* DistanceCalculatorTests */ = {
			isa = PBXNativeTarget;
			buildConfigurationList = 4C072E6A19D1DCB500FA7AA2 /* Build configuration list for PBXNativeTarget "DistanceCalculatorTests" */;
			buildPhases = (
				4C072E5919D1DCB500FA7AA2 /* Sources */,
				4C072E5A19D1DCB500FA7AA2 /* Frameworks */,
				4C072E5B19D1DCB500FA7AA2 /* Resources */,
			);
			buildRules = (
			);
			dependencies = (
				4C072E5F19D1DCB500FA7AA2 /* PBXTargetDependency */,
			);
			name = DistanceCalculatorTests;
			productName = DistanceCalculatorTests;
			productReference = 4C072E5D19D1DCB500FA7AA2 /* DistanceCalculatorTests.xctest */;
			productType = "com.apple.product-type.bundle.unit-test";
		};
/* End PBXNativeTarget section */

/* Begin PBXProject section */
		4C072E3C19D1DCB500FA7AA2 /* Project object */ = {
			isa = PBXProject;
			attributes = {
				LastUpgradeCheck = 0600;
				ORGANIZATIONNAME = "hartung-michael";
				TargetAttributes = {
					4C072E4319D1DCB500FA7AA2 = {
						CreatedOnToolsVersion = 6.0.1;
					};
					4C072E5C19D1DCB500FA7AA2 = {
						CreatedOnToolsVersion = 6.0.1;
						TestTargetID = 4C072E4319D1DCB500FA7AA2;
					};
				};
			};
			buildConfigurationList = 4C072E3F19D1DCB500FA7AA2 /* Build configuration list for PBXProject "DistanceCalculator" */;
			compatibilityVersion = "Xcode 3.2";
			developmentRegion = English;
			hasScannedForEncodings = 0;
			knownRegions = (
				en,
				Base,
			);
			mainGroup = 4C072E3B19D1DCB500FA7AA2;
			productRefGroup = 4C072E4519D1DCB500FA7AA2 /* Products */;
			projectDirPath = "";
			projectRoot = "";
			targets = (
				4C072E4319D1DCB500FA7AA2 /* DistanceCalculator */,
				4C072E5C19D1DCB500FA7AA2 /* DistanceCalculatorTests */,
			);
		};
/* End PBXProject section */

/* Begin PBXResourcesBuildPhase section */
		4C072E4219D1DCB500FA7AA2 /* Resources */ = {
			isa = PBXResourcesBuildPhase;
			buildActionMask = 2147483647;
			files = (
				4C072E5319D1DCB500FA7AA2 /* Main.storyboard in Resources */,
				4C072E5819D1DCB500FA7AA2 /* LaunchScreen.xib in Resources */,
				4C072E5519D1DCB500FA7AA2 /* Images.xcassets in Resources */,
			);
			runOnlyForDeploymentPostprocessing = 0;
		};
		4C072E5B19D1DCB500FA7AA2 /* Resources */ = {
			isa = PBXResourcesBuildPhase;
			buildActionMask = 2147483647;
			files = (
			);
			runOnlyForDeploymentPostprocessing = 0;
		};
/* End PBXResourcesBuildPhase section */

/* Begin PBXSourcesBuildPhase section */
		4C072E4019D1DCB500FA7AA2 /* Sources */ = {
			isa = PBXSourcesBuildPhase;
			buildActionMask = 2147483647;
			files = (
				4C072E5019D1DCB500FA7AA2 /* ViewController.m in Sources */,
				4C072E4D19D1DCB500FA7AA2 /* AppDelegate.m in Sources */,
				4C072E4A19D1DCB500FA7AA2 /* main.m in Sources */,
			);
			runOnlyForDeploymentPostprocessing = 0;
		};
		4C072E5919D1DCB500FA7AA2 /* Sources */ = {
			isa = PBXSourcesBuildPhase;
			buildActionMask = 2147483647;
			files = (
				4C072E6419D1DCB500FA7AA2 /* DistanceCalculatorTests.m in Sources */,
			);
			runOnlyForDeploymentPostprocessing = 0;
		};
/* End PBXSourcesBuildPhase section */

/* Begin PBXTargetDependency section */
		4C072E5F19D1DCB500FA7AA2 /* PBXTargetDependency */ = {
			isa = PBXTargetDependency;
			target = 4C072E4319D1DCB500FA7AA2 /* DistanceCalculator */;
			targetProxy = 4C072E5E19D1DCB500FA7AA2 /* PBXContainerItemProxy */;
		};
/* End PBXTargetDependency section */

/* Begin PBXVariantGroup section */
		4C072E5119D1DCB500FA7AA2 /* Main.storyboard */ = {
			isa = PBXVariantGroup;
			children = (
				4C072E5219D1DCB500FA7AA2 /* Base */,
			);
			name = Main.storyboard;
			sourceTree = "<group>";
		};
		4C072E5619D1DCB500FA7AA2 /* LaunchScreen.xib */ = {
			isa = PBXVariantGroup;
			children = (
				4C072E5719D1DCB500FA7AA2 /* Base */,
			);
			name = LaunchScreen.xib;
			sourceTree = "<group>";
		};
/* End PBXVariantGroup section */

/* Begin XCBuildConfiguration section */
		4C072E6519D1DCB500FA7AA2 /* Debug */ = {
			isa = XCBuildConfiguration;
			buildSettings = {
				ALWAYS_SEARCH_USER_PATHS = NO;
				CLANG_CXX_LANGUAGE_STANDARD = "gnu++0x";
				CLANG_CXX_LIBRARY = "libc++";
				CLANG_ENABLE_MODULES = YES;
				CLANG_ENABLE_OBJC_ARC = YES;
				CLANG_WARN_BOOL_CONVERSION = YES;
				CLANG_WARN_CONSTANT_CONVERSION = YES;
				CLANG_WARN_DIRECT_OBJC_ISA_USAGE = YES_ERROR;
				CLANG_WARN_EMPTY_BODY = YES;
				CLANG_WARN_ENUM_CONVERSION = YES;
				CLANG_WARN_INT_CONVERSION = YES;
				CLANG_WARN_OBJC_ROOT_CLASS = YES_ERROR;
				CLANG_WARN_UNREACHABLE_CODE = YES;
				CLANG_WARN__DUPLICATE_METHOD_MATCH = YES;
				"CODE_SIGN_IDENTITY[sdk=iphoneos*]" = "iPhone Developer";
				COPY_PHASE_STRIP = NO;
				ENABLE_STRICT_OBJC_MSGSEND = YES;
				GCC_C_LANGUAGE_STANDARD = gnu99;
				GCC_DYNAMIC_NO_PIC = NO;
				GCC_OPTIMIZATION_LEVEL = 0;
				GCC_PREPROCESSOR_DEFINITIONS = (
					"DEBUG=1",
					"$(inherited)",
				);
				GCC_SYMBOLS_PRIVATE_EXTERN = NO;
				GCC_WARN_64_TO_32_BIT_CONVERSION = YES;
				GCC_WARN_ABOUT_RETURN_TYPE = YES_ERROR;
				GCC_WARN_UNDECLARED_SELECTOR = YES;
				GCC_WARN_UNINITIALIZED_AUTOS = YES_AGGRESSIVE;
				GCC_WARN_UNUSED_FUNCTION = YES;
				GCC_WARN_UNUSED_VARIABLE = YES;
				IPHONEOS_DEPLOYMENT_TARGET = 8.0;
				MTL_ENABLE_DEBUG_INFO = YES;
				ONLY_ACTIVE_ARCH = YES;
				SDKROOT = iphoneos;
			};
			name = Debug;
		};
		4C072E6619D1DCB500FA7AA2 /* Release */ = {
			isa = XCBuildConfiguration;
			buildSettings = {
				ALWAYS_SEARCH_USER_PATHS = NO;
				CLANG_CXX_LANGUAGE_STANDARD = "gnu++0x";
				CLANG_CXX_LIBRARY = "libc++";
				CLANG_ENABLE_MODULES = YES;
				CLANG_ENABLE_OBJC_ARC = YES;
				CLANG_WARN_BOOL_CONVERSION = YES;
				CLANG_WARN_CONSTANT_CONVERSION = YES;
				CLANG_WARN_DIRECT_OBJC_ISA_USAGE = YES_ERROR;
				CLANG_WARN_EMPTY_BODY = YES;
				CLANG_WARN_ENUM_CONVERSION = YES;
				CLANG_WARN_INT_CONVERSION = YES;
				CLANG_WARN_OBJC_ROOT_CLASS = YES_ERROR;
				CLANG_WARN_UNREACHABLE_CODE = YES;
				CLANG_WARN__DUPLICATE_METHOD_MATCH = YES;
				"CODE_SIGN_IDENTITY[sdk=iphoneos*]" = "iPhone Developer";
				COPY_PHASE_STRIP = YES;
				ENABLE_NS_ASSERTIONS = NO;
				ENABLE_STRICT_OBJC_MSGSEND = YES;
				GCC_C_LANGUAGE_STANDARD = gnu99;
				GCC_WARN_64_TO_32_BIT_CONVERSION = YES;
				GCC_WARN_ABOUT_RETURN_TYPE = YES_ERROR;
				GCC_WARN_UNDECLARED_SELECTOR = YES;
				GCC_WARN_UNINITIALIZED_AUTOS = YES_AGGRESSIVE;
				GCC_WARN_UNUSED_FUNCTION = YES;
				GCC_WARN_UNUSED_VARIABLE = YES;
				IPHONEOS_DEPLOYMENT_TARGET = 8.0;
				MTL_ENABLE_DEBUG_INFO = NO;
				SDKROOT = iphoneos;
				VALIDATE_PRODUCT = YES;
			};
			name = Release;
		};
		4C072E6819D1DCB500FA7AA2 /* Debug */ = {
			isa = XCBuildConfiguration;
			buildSettings = {
				ASSETCATALOG_COMPILER_APPICON_NAME = AppIcon;
				CODE_SIGN_IDENTITY = "iPhone Developer";
				INFOPLIST_FILE = DistanceCalculator/Info.plist;
				IPHONEOS_DEPLOYMENT_TARGET = 7.0;
				LD_RUNPATH_SEARCH_PATHS = "$(inherited) @executable_path/Frameworks";
				PRODUCT_NAME = "$(TARGET_NAME)";
			};
			name = Debug;
		};
		4C072E6919D1DCB500FA7AA2 /* Release */ = {
			isa = XCBuildConfiguration;
			buildSettings = {
				ASSETCATALOG_COMPILER_APPICON_NAME = AppIcon;
				CODE_SIGN_IDENTITY = "iPhone Developer";
				INFOPLIST_FILE = DistanceCalculator/Info.plist;
				IPHONEOS_DEPLOYMENT_TARGET = 7.0;
				LD_RUNPATH_SEARCH_PATHS = "$(inherited) @executable_path/Frameworks";
				PRODUCT_NAME = "$(TARGET_NAME)";
			};
			name = Release;
		};
		4C072E6B19D1DCB500FA7AA2 /* Debug */ = {
			isa = XCBuildConfiguration;
			buildSettings = {
				BUNDLE_LOADER = "$(TEST_HOST)";
				FRAMEWORK_SEARCH_PATHS = (
					"$(SDKROOT)/Developer/Library/Frameworks",
					"$(inherited)",
				);
				GCC_PREPROCESSOR_DEFINITIONS = (
					"DEBUG=1",
					"$(inherited)",
				);
				INFOPLIST_FILE = DistanceCalculatorTests/Info.plist;
				LD_RUNPATH_SEARCH_PATHS = "$(inherited) @executable_path/Frameworks @loader_path/Frameworks";
				PRODUCT_NAME = "$(TARGET_NAME)";
				TEST_HOST = "$(BUILT_PRODUCTS_DIR)/DistanceCalculator.app/DistanceCalculator";
			};
			name = Debug;
		};
		4C072E6C19D1DCB500FA7AA2 /* Release */ = {
			isa = XCBuildConfiguration;
			buildSettings = {
				BUNDLE_LOADER = "$(TEST_HOST)";
				FRAMEWORK_SEARCH_PATHS = (
					"$(SDKROOT)/Developer/Library/Frameworks",
					"$(inherited)",
				);
				INFOPLIST_FILE = DistanceCalculatorTests/Info.plist;
				LD_RUNPATH_SEARCH_PATHS = "$(inherited) @executable_path/Frameworks @loader_path/Frameworks";
				PRODUCT_NAME = "$(TARGET_NAME)";
				TEST_HOST = "$(BUILT_PRODUCTS_DIR)/DistanceCalculator.app/DistanceCalculator";
			};
			name = Release;
		};
/* End XCBuildConfiguration section */

/* Begin XCConfigurationList section */
		4C072E3F19D1DCB500FA7AA2 /* Build configuration list for PBXProject "DistanceCalculator" */ = {
			isa = XCConfigurationList;
			buildConfigurations = (
				4C072E6519D1DCB500FA7AA2 /* Debug */,
				4C072E6619D1DCB500FA7AA2 /* Release */,
			);
			defaultConfigurationIsVisible = 0;
			defaultConfigurationName = Release;
		};
		4C072E6719D1DCB500FA7AA2 /* Build configuration list for PBXNativeTarget "DistanceCalculator" */ = {
			isa = XCConfigurationList;
			buildConfigurations = (
				4C072E6819D1DCB500FA7AA2 /* Debug */,
				4C072E6919D1DCB500FA7AA2 /* Release */,
			);
			defaultConfigurationIsVisible = 0;
			defaultConfigurationName = Release;
		};
		4C072E6A19D1DCB500FA7AA2 /* Build configuration list for PBXNativeTarget "DistanceCalculatorTests" */ = {
			isa = XCConfigurationList;
			buildConfigurations = (
				4C072E6B19D1DCB500FA7AA2 /* Debug */,
				4C072E6C19D1DCB500FA7AA2 /* Release */,
			);
			defaultConfigurationIsVisible = 0;
			defaultConfigurationName = Release;
		};
/* End XCConfigurationList section */
	};
	rootObject = 4C072E3C19D1DCB500FA7AA2 /* Project object */;
}
